<?xml version="1.0" encoding="utf-8"?>
<Project ToolsVersion="4.0" xmlns="http://schemas.microsoft.com/developer/msbuild/2003">
  <ItemGroup>
    <Filter Include="Header Files">
      <UniqueIdentifier>{34e81b93-fee9-4d66-a05e-67ce494472ae}</UniqueIdentifier>
      <Extensions>h;hpp;hxx;hm;inl;inc;xsd</Extensions>
    </Filter>
    <Filter Include="Source Files">
      <UniqueIdentifier>{b073acb6-04b2-466e-865f-609d73000662}</UniqueIdentifier>
      <Extensions>cpp;c;cc;cxx;def;odl;idl;hpj;bat;asm;asmx</Extensions>
    </Filter>
    <Filter Include="Resource Files">
      <UniqueIdentifier>{e810980a-d5f5-4bc2-9d61-f5fb91044ef7}</UniqueIdentifier>
      <Extensions>rc;ico;cur;bmp;dlg;rc2;rct;bin;rgs;gif;jpg;jpeg;jpe;resx;tiff;tif;png;wav;mfcribbon-ms</Extensions>
    </Filter>
  </ItemGroup>
  <ItemGroup>
    <ClInclude Include="..\src\cudaMat4.h">
      <Filter>Header Files</Filter>
    </ClInclude>
    <ClInclude Include="..\src\glslUtility.h">
      <Filter>Header Files</Filter>
    </ClInclude>
    <ClInclude Include="..\src\kernel.h">
      <Filter>Header Files</Filter>
    </ClInclude>
    <ClInclude Include="..\src\main.h">
      <Filter>Header Files</Filter>
    </ClInclude>
    <ClInclude Include="..\src\utilities.h">
      <Filter>Header Files</Filter>
    </ClInclude>
    <ClInclude Include="..\src\glFields.h">
      <Filter>Header Files</Filter>
    </ClInclude>
  </ItemGroup>
  <ItemGroup>
    <ClCompile Include="..\src\glslUtility.cpp">
      <Filter>Source Files</Filter>
    </ClCompile>
    <ClCompile Include="..\src\main.cpp">
      <Filter>Source Files</Filter>
    </ClCompile>
    <ClCompile Include="..\src\utilities.cpp">
      <Filter>Source Files</Filter>
    </ClCompile>
    <ClCompile Include="..\src\glFields.cpp">
      <Filter>Source Files</Filter>
    </ClCompile>
  </ItemGroup>
  <ItemGroup>
    <CudaCompile Include="..\src\kernel.cu">
      <Filter>Source Files</Filter>
    </CudaCompile>
  </ItemGroup>
  <ItemGroup>
    <None Include="shaders\boidFS.glsl">
      <Filter>Resource Files</Filter>
    </None>
    <None Include="shaders\boidGS.glsl">
      <Filter>Resource Files</Filter>
    </None>
    <None Include="shaders\boidVS.glsl">
      <Filter>Resource Files</Filter>
    </None>
  </ItemGroup>
</Project>