<?xml version="1.0" encoding="utf-8"?>
<Project ToolsVersion="4.0" xmlns="http://schemas.microsoft.com/developer/msbuild/2003">
  <ItemGroup>
    <CudaCompile Include="..\src\kernel.cu">
      <Filter>Sources</Filter>
    </CudaCompile>
  </ItemGroup>
  <ItemGroup>
    <Filter Include="shaders">
      <UniqueIdentifier>{8d271d96-f41a-4111-9980-5f8e3652637e}</UniqueIdentifier>
    </Filter>
    <Filter Include="Sources">
      <UniqueIdentifier>{616da4a9-a9d2-4539-9902-68cc4fa06b09}</UniqueIdentifier>
    </Filter>
    <Filter Include="Header Files">
      <UniqueIdentifier>{cb88b201-05bf-4221-b0ac-82a4b3e6a257}</UniqueIdentifier>
    </Filter>
  </ItemGroup>
  <ItemGroup>
    <None Include="shaders\heightFS.glsl">
      <Filter>shaders</Filter>
    </None>
    <None Include="shaders\heightVS.glsl">
      <Filter>shaders</Filter>
    </None>
    <None Include="shaders\planetFS.glsl">
      <Filter>shaders</Filter>
    </None>
    <None Include="shaders\planetGS.glsl">
      <Filter>shaders</Filter>
    </None>
    <None Include="shaders\planetVS.glsl">
      <Filter>shaders</Filter>
    </None>
  </ItemGroup>
  <ItemGroup>
    <ClInclude Include="..\src\cudaMat4.h">
      <Filter>Header Files</Filter>
    </ClInclude>
    <ClInclude Include="..\src\glslUtility.h">
      <Filter>Header Files</Filter>
    </ClInclude>
    <ClInclude Include="..\src\kernel.h">
      <Filter>Header Files</Filter>
    </ClInclude>
    <ClInclude Include="..\src\main.h">
      <Filter>Header Files</Filter>
    </ClInclude>
    <ClInclude Include="..\src\utilities.h">
      <Filter>Header Files</Filter>
    </ClInclude>
  </ItemGroup>
  <ItemGroup>
    <ClCompile Include="..\src\glslUtility.cpp">
      <Filter>Sources</Filter>
    </ClCompile>
    <ClCompile Include="..\src\main.cpp">
      <Filter>Sources</Filter>
    </ClCompile>
    <ClCompile Include="..\src\utilities.cpp">
      <Filter>Sources</Filter>
    </ClCompile>
  </ItemGroup>
</Project>